Microsoft Visual Studio Solution File, Format Version 12.00
# Visual Studio Version 17
VisualStudioVersion = 17.5.2.0
MinimumVisualStudioVersion = 10.0.40219.1
Project("{2150E333-8FDC-42A3-9474-1A3956D46DE8}") = "day3", "day3", "{0D665604-C928-4F15-2E39-29EE6604C658}"
EndProject
Project("{FAE04EC0-301F-11D3-BF4B-00C04F79EFBC}") = "httpTrigger", "day3\httpTrigger\httpTrigger.csproj", "{74BC6308-C6A4-A2F4-058A-D84F4EB592DD}"
EndProject
Project("{FAE04EC0-301F-11D3-BF4B-00C04F79EFBC}") = "API", "API\API.csproj", "{A8B85176-FCDF-402C-96A9-1A96F845513C}"
EndProject
Global
	GlobalSection(SolutionConfigurationPlatforms) = preSolution
		Debug|Any CPU = Debug|Any CPU
		Release|Any CPU = Release|Any CPU
	EndGlobalSection
	GlobalSection(ProjectConfigurationPlatforms) = postSolution
		{74BC6308-C6A4-A2F4-058A-D84F4EB592DD}.Debug|Any CPU.ActiveCfg = Debug|Any CPU
		{74BC6308-C6A4-A2F4-058A-D84F4EB592DD}.Debug|Any CPU.Build.0 = Debug|Any CPU
		{74BC6308-C6A4-A2F4-058A-D84F4EB592DD}.Release|Any CPU.ActiveCfg = Release|Any CPU
		{74BC6308-C6A4-A2F4-058A-D84F4EB592DD}.Release|Any CPU.Build.0 = Release|Any CPU
		{A8B85176-FCDF-402C-96A9-1A96F845513C}.Debug|Any CPU.ActiveCfg = Debug|Any CPU
		{A8B85176-FCDF-402C-96A9-1A96F845513C}.Debug|Any CPU.Build.0 = Debug|Any CPU
		{A8B85176-FCDF-402C-96A9-1A96F845513C}.Release|Any CPU.ActiveCfg = Release|Any CPU
		{A8B85176-FCDF-402C-96A9-1A96F845513C}.Release|Any CPU.Build.0 = Release|Any CPU
	EndGlobalSection
	GlobalSection(SolutionProperties) = preSolution
		HideSolutionNode = FALSE
	EndGlobalSection
	GlobalSection(NestedProjects) = preSolution
		{74BC6308-C6A4-A2F4-058A-D84F4EB592DD} = {0D665604-C928-4F15-2E39-29EE6604C658}
	EndGlobalSection
	GlobalSection(ExtensibilityGlobals) = postSolution
		SolutionGuid = {0712B8EC-1943-46EE-9081-74F3540CD73D}
	EndGlobalSection
EndGlobal
